// !$*UTF8*$!
{
	archiveVersion = 1;
	classes = {
	};
	objectVersion = 55;
	objects = {

/* Begin PBXBuildFile section */
		06AA7F228606D4A0D7A6EBA5 /* Pods_TradeTable_TradeTableUITests.framework in Frameworks */ = {isa = PBXBuildFile; fileRef = 2740BA536709305E7F4EE0FF /* Pods_TradeTable_TradeTableUITests.framework */; };
		17D0AD7325326964F4BB4E3D /* Pods_TradeTableTests.framework in Frameworks */ = {isa = PBXBuildFile; fileRef = 84392297FB6B3804651492EF /* Pods_TradeTableTests.framework */; };
		A391EA75B6C24B2F9C852701 /* Pods_TradeTable.framework in Frameworks */ = {isa = PBXBuildFile; fileRef = 9F203636A619E0715A494A64 /* Pods_TradeTable.framework */; };
		A50BFA28281D21A6007F46D4 /* AppDelegate.swift in Sources */ = {isa = PBXBuildFile; fileRef = A50BFA27281D21A6007F46D4 /* AppDelegate.swift */; };
		A50BFA2A281D21A6007F46D4 /* SceneDelegate.swift in Sources */ = {isa = PBXBuildFile; fileRef = A50BFA29281D21A6007F46D4 /* SceneDelegate.swift */; };
		A50BFA2C281D21A6007F46D4 /* ViewController.swift in Sources */ = {isa = PBXBuildFile; fileRef = A50BFA2B281D21A6007F46D4 /* ViewController.swift */; };
		A50BFA2F281D21A6007F46D4 /* Main.storyboard in Resources */ = {isa = PBXBuildFile; fileRef = A50BFA2D281D21A6007F46D4 /* Main.storyboard */; };
		A50BFA31281D21AC007F46D4 /* Assets.xcassets in Resources */ = {isa = PBXBuildFile; fileRef = A50BFA30281D21AC007F46D4 /* Assets.xcassets */; };
		A50BFA34281D21AC007F46D4 /* LaunchScreen.storyboard in Resources */ = {isa = PBXBuildFile; fileRef = A50BFA32281D21AC007F46D4 /* LaunchScreen.storyboard */; };
		A50BFA3F281D21AC007F46D4 /* TradeTableTests.swift in Sources */ = {isa = PBXBuildFile; fileRef = A50BFA3E281D21AC007F46D4 /* TradeTableTests.swift */; };
		A50BFA49281D21AC007F46D4 /* TradeTableUITests.swift in Sources */ = {isa = PBXBuildFile; fileRef = A50BFA48281D21AC007F46D4 /* TradeTableUITests.swift */; };
		A50BFA4B281D21AC007F46D4 /* TradeTableUITestsLaunchTests.swift in Sources */ = {isa = PBXBuildFile; fileRef = A50BFA4A281D21AC007F46D4 /* TradeTableUITestsLaunchTests.swift */; };
		A50BFA58281D2E7A007F46D4 /* Cell.swift in Sources */ = {isa = PBXBuildFile; fileRef = A50BFA57281D2E7A007F46D4 /* Cell.swift */; };
		A50BFA5A281EE505007F46D4 /* CustomSocket.swift in Sources */ = {isa = PBXBuildFile; fileRef = A50BFA59281EE505007F46D4 /* CustomSocket.swift */; };
		A50BFA5C281EFAF2007F46D4 /* RecordModel.swift in Sources */ = {isa = PBXBuildFile; fileRef = A50BFA5B281EFAF2007F46D4 /* RecordModel.swift */; };
/* End PBXBuildFile section */

/* Begin PBXContainerItemProxy section */
		A50BFA3B281D21AC007F46D4 /* PBXContainerItemProxy */ = {
			isa = PBXContainerItemProxy;
			containerPortal = A50BFA1C281D21A6007F46D4 /* Project object */;
			proxyType = 1;
			remoteGlobalIDString = A50BFA23281D21A6007F46D4;
			remoteInfo = TradeTable;
		};
		A50BFA45281D21AC007F46D4 /* PBXContainerItemProxy */ = {
			isa = PBXContainerItemProxy;
			containerPortal = A50BFA1C281D21A6007F46D4 /* Project object */;
			proxyType = 1;
			remoteGlobalIDString = A50BFA23281D21A6007F46D4;
			remoteInfo = TradeTable;
		};
/* End PBXContainerItemProxy section */

/* Begin PBXFileReference section */
		02B8B2EC9D465C3AB0FB7636 /* Pods-TradeTableTests.release.xcconfig */ = {isa = PBXFileReference; includeInIndex = 1; lastKnownFileType = text.xcconfig; name = "Pods-TradeTableTests.release.xcconfig"; path = "Target Support Files/Pods-TradeTableTests/Pods-TradeTableTests.release.xcconfig"; sourceTree = "<group>"; };
		0F14FDB63862F4B7DF402BF4 /* Pods-TradeTableTests.debug.xcconfig */ = {isa = PBXFileReference; includeInIndex = 1; lastKnownFileType = text.xcconfig; name = "Pods-TradeTableTests.debug.xcconfig"; path = "Target Support Files/Pods-TradeTableTests/Pods-TradeTableTests.debug.xcconfig"; sourceTree = "<group>"; };
		156CD8396E94B3A1B5C46DAB /* Pods-TradeTable.release.xcconfig */ = {isa = PBXFileReference; includeInIndex = 1; lastKnownFileType = text.xcconfig; name = "Pods-TradeTable.release.xcconfig"; path = "Target Support Files/Pods-TradeTable/Pods-TradeTable.release.xcconfig"; sourceTree = "<group>"; };
		2740BA536709305E7F4EE0FF /* Pods_TradeTable_TradeTableUITests.framework */ = {isa = PBXFileReference; explicitFileType = wrapper.framework; includeInIndex = 0; path = Pods_TradeTable_TradeTableUITests.framework; sourceTree = BUILT_PRODUCTS_DIR; };
		277AFA02A53A16FF62C3E884 /* Pods-TradeTable-TradeTableUITests.release.xcconfig */ = {isa = PBXFileReference; includeInIndex = 1; lastKnownFileType = text.xcconfig; name = "Pods-TradeTable-TradeTableUITests.release.xcconfig"; path = "Target Support Files/Pods-TradeTable-TradeTableUITests/Pods-TradeTable-TradeTableUITests.release.xcconfig"; sourceTree = "<group>"; };
		54CEA01952F4C7CA51E88F82 /* Pods-TradeTable-TradeTableUITests.debug.xcconfig */ = {isa = PBXFileReference; includeInIndex = 1; lastKnownFileType = text.xcconfig; name = "Pods-TradeTable-TradeTableUITests.debug.xcconfig"; path = "Target Support Files/Pods-TradeTable-TradeTableUITests/Pods-TradeTable-TradeTableUITests.debug.xcconfig"; sourceTree = "<group>"; };
		7681819BFB9443957D9FF400 /* Pods-TradeTable.debug.xcconfig */ = {isa = PBXFileReference; includeInIndex = 1; lastKnownFileType = text.xcconfig; name = "Pods-TradeTable.debug.xcconfig"; path = "Target Support Files/Pods-TradeTable/Pods-TradeTable.debug.xcconfig"; sourceTree = "<group>"; };
		84392297FB6B3804651492EF /* Pods_TradeTableTests.framework */ = {isa = PBXFileReference; explicitFileType = wrapper.framework; includeInIndex = 0; path = Pods_TradeTableTests.framework; sourceTree = BUILT_PRODUCTS_DIR; };
		9F203636A619E0715A494A64 /* Pods_TradeTable.framework */ = {isa = PBXFileReference; explicitFileType = wrapper.framework; includeInIndex = 0; path = Pods_TradeTable.framework; sourceTree = BUILT_PRODUCTS_DIR; };
		A50BFA24281D21A6007F46D4 /* TradeTable.app */ = {isa = PBXFileReference; explicitFileType = wrapper.application; includeInIndex = 0; path = TradeTable.app; sourceTree = BUILT_PRODUCTS_DIR; };
		A50BFA27281D21A6007F46D4 /* AppDelegate.swift */ = {isa = PBXFileReference; lastKnownFileType = sourcecode.swift; path = AppDelegate.swift; sourceTree = "<group>"; };
		A50BFA29281D21A6007F46D4 /* SceneDelegate.swift */ = {isa = PBXFileReference; lastKnownFileType = sourcecode.swift; path = SceneDelegate.swift; sourceTree = "<group>"; };
		A50BFA2B281D21A6007F46D4 /* ViewController.swift */ = {isa = PBXFileReference; lastKnownFileType = sourcecode.swift; path = ViewController.swift; sourceTree = "<group>"; };
		A50BFA2E281D21A6007F46D4 /* Base */ = {isa = PBXFileReference; lastKnownFileType = file.storyboard; name = Base; path = Base.lproj/Main.storyboard; sourceTree = "<group>"; };
		A50BFA30281D21AC007F46D4 /* Assets.xcassets */ = {isa = PBXFileReference; lastKnownFileType = folder.assetcatalog; path = Assets.xcassets; sourceTree = "<group>"; };
		A50BFA33281D21AC007F46D4 /* Base */ = {isa = PBXFileReference; lastKnownFileType = file.storyboard; name = Base; path = Base.lproj/LaunchScreen.storyboard; sourceTree = "<group>"; };
		A50BFA35281D21AC007F46D4 /* Info.plist */ = {isa = PBXFileReference; lastKnownFileType = text.plist.xml; path = Info.plist; sourceTree = "<group>"; };
		A50BFA3A281D21AC007F46D4 /* TradeTableTests.xctest */ = {isa = PBXFileReference; explicitFileType = wrapper.cfbundle; includeInIndex = 0; path = TradeTableTests.xctest; sourceTree = BUILT_PRODUCTS_DIR; };
		A50BFA3E281D21AC007F46D4 /* TradeTableTests.swift */ = {isa = PBXFileReference; lastKnownFileType = sourcecode.swift; path = TradeTableTests.swift; sourceTree = "<group>"; };
		A50BFA44281D21AC007F46D4 /* TradeTableUITests.xctest */ = {isa = PBXFileReference; explicitFileType = wrapper.cfbundle; includeInIndex = 0; path = TradeTableUITests.xctest; sourceTree = BUILT_PRODUCTS_DIR; };
		A50BFA48281D21AC007F46D4 /* TradeTableUITests.swift */ = {isa = PBXFileReference; lastKnownFileType = sourcecode.swift; path = TradeTableUITests.swift; sourceTree = "<group>"; };
		A50BFA4A281D21AC007F46D4 /* TradeTableUITestsLaunchTests.swift */ = {isa = PBXFileReference; lastKnownFileType = sourcecode.swift; path = TradeTableUITestsLaunchTests.swift; sourceTree = "<group>"; };
		A50BFA57281D2E7A007F46D4 /* Cell.swift */ = {isa = PBXFileReference; lastKnownFileType = sourcecode.swift; path = Cell.swift; sourceTree = "<group>"; };
		A50BFA59281EE505007F46D4 /* CustomSocket.swift */ = {isa = PBXFileReference; lastKnownFileType = sourcecode.swift; path = CustomSocket.swift; sourceTree = "<group>"; };
		A50BFA5B281EFAF2007F46D4 /* RecordModel.swift */ = {isa = PBXFileReference; lastKnownFileType = sourcecode.swift; path = RecordModel.swift; sourceTree = "<group>"; };
/* End PBXFileReference section */

/* Begin PBXFrameworksBuildPhase section */
		A50BFA21281D21A6007F46D4 /* Frameworks */ = {
			isa = PBXFrameworksBuildPhase;
			buildActionMask = 2147483647;
			files = (
				A391EA75B6C24B2F9C852701 /* Pods_TradeTable.framework in Frameworks */,
			);
			runOnlyForDeploymentPostprocessing = 0;
		};
		A50BFA37281D21AC007F46D4 /* Frameworks */ = {
			isa = PBXFrameworksBuildPhase;
			buildActionMask = 2147483647;
			files = (
				17D0AD7325326964F4BB4E3D /* Pods_TradeTableTests.framework in Frameworks */,
			);
			runOnlyForDeploymentPostprocessing = 0;
		};
		A50BFA41281D21AC007F46D4 /* Frameworks */ = {
			isa = PBXFrameworksBuildPhase;
			buildActionMask = 2147483647;
			files = (
				06AA7F228606D4A0D7A6EBA5 /* Pods_TradeTable_TradeTableUITests.framework in Frameworks */,
			);
			runOnlyForDeploymentPostprocessing = 0;
		};
/* End PBXFrameworksBuildPhase section */

/* Begin PBXGroup section */
		0641D6666BD443368464791F /* Frameworks */ = {
			isa = PBXGroup;
			children = (
				9F203636A619E0715A494A64 /* Pods_TradeTable.framework */,
				2740BA536709305E7F4EE0FF /* Pods_TradeTable_TradeTableUITests.framework */,
				84392297FB6B3804651492EF /* Pods_TradeTableTests.framework */,
			);
			name = Frameworks;
			sourceTree = "<group>";
		};
		698D95D6FBD27D077FF0EBF4 /* Pods */ = {
			isa = PBXGroup;
			children = (
				7681819BFB9443957D9FF400 /* Pods-TradeTable.debug.xcconfig */,
				156CD8396E94B3A1B5C46DAB /* Pods-TradeTable.release.xcconfig */,
				54CEA01952F4C7CA51E88F82 /* Pods-TradeTable-TradeTableUITests.debug.xcconfig */,
				277AFA02A53A16FF62C3E884 /* Pods-TradeTable-TradeTableUITests.release.xcconfig */,
				0F14FDB63862F4B7DF402BF4 /* Pods-TradeTableTests.debug.xcconfig */,
				02B8B2EC9D465C3AB0FB7636 /* Pods-TradeTableTests.release.xcconfig */,
			);
			path = Pods;
			sourceTree = "<group>";
		};
		A50BFA1B281D21A6007F46D4 = {
			isa = PBXGroup;
			children = (
				A50BFA26281D21A6007F46D4 /* TradeTable */,
				A50BFA3D281D21AC007F46D4 /* TradeTableTests */,
				A50BFA47281D21AC007F46D4 /* TradeTableUITests */,
				A50BFA25281D21A6007F46D4 /* Products */,
				698D95D6FBD27D077FF0EBF4 /* Pods */,
				0641D6666BD443368464791F /* Frameworks */,
			);
			sourceTree = "<group>";
		};
		A50BFA25281D21A6007F46D4 /* Products */ = {
			isa = PBXGroup;
			children = (
				A50BFA24281D21A6007F46D4 /* TradeTable.app */,
				A50BFA3A281D21AC007F46D4 /* TradeTableTests.xctest */,
				A50BFA44281D21AC007F46D4 /* TradeTableUITests.xctest */,
			);
			name = Products;
			sourceTree = "<group>";
		};
		A50BFA26281D21A6007F46D4 /* TradeTable */ = {
			isa = PBXGroup;
			children = (
				A50BFA27281D21A6007F46D4 /* AppDelegate.swift */,
				A50BFA29281D21A6007F46D4 /* SceneDelegate.swift */,
				A50BFA2B281D21A6007F46D4 /* ViewController.swift */,
				A50BFA59281EE505007F46D4 /* CustomSocket.swift */,
				A50BFA5B281EFAF2007F46D4 /* RecordModel.swift */,
				A50BFA57281D2E7A007F46D4 /* Cell.swift */,
				A50BFA2D281D21A6007F46D4 /* Main.storyboard */,
				A50BFA30281D21AC007F46D4 /* Assets.xcassets */,
				A50BFA32281D21AC007F46D4 /* LaunchScreen.storyboard */,
				A50BFA35281D21AC007F46D4 /* Info.plist */,
			);
			path = TradeTable;
			sourceTree = "<group>";
		};
		A50BFA3D281D21AC007F46D4 /* TradeTableTests */ = {
			isa = PBXGroup;
			children = (
				A50BFA3E281D21AC007F46D4 /* TradeTableTests.swift */,
			);
			path = TradeTableTests;
			sourceTree = "<group>";
		};
		A50BFA47281D21AC007F46D4 /* TradeTableUITests */ = {
			isa = PBXGroup;
			children = (
				A50BFA48281D21AC007F46D4 /* TradeTableUITests.swift */,
				A50BFA4A281D21AC007F46D4 /* TradeTableUITestsLaunchTests.swift */,
			);
			path = TradeTableUITests;
			sourceTree = "<group>";
		};
/* End PBXGroup section */

/* Begin PBXNativeTarget section */
		A50BFA23281D21A6007F46D4 /* TradeTable */ = {
			isa = PBXNativeTarget;
			buildConfigurationList = A50BFA4E281D21AC007F46D4 /* Build configuration list for PBXNativeTarget "TradeTable" */;
			buildPhases = (
				E4700AA6BDE8D242E406071C /* [CP] Check Pods Manifest.lock */,
				A50BFA20281D21A6007F46D4 /* Sources */,
				A50BFA21281D21A6007F46D4 /* Frameworks */,
				A50BFA22281D21A6007F46D4 /* Resources */,
				0B149E268A320C7C3571C0C0 /* [CP] Embed Pods Frameworks */,
			);
			buildRules = (
			);
			dependencies = (
			);
			name = TradeTable;
			productName = TradeTable;
			productReference = A50BFA24281D21A6007F46D4 /* TradeTable.app */;
			productType = "com.apple.product-type.application";
		};
		A50BFA39281D21AC007F46D4 /* TradeTableTests */ = {
			isa = PBXNativeTarget;
			buildConfigurationList = A50BFA51281D21AC007F46D4 /* Build configuration list for PBXNativeTarget "TradeTableTests" */;
			buildPhases = (
				659501F0D5698366A711925C /* [CP] Check Pods Manifest.lock */,
				A50BFA36281D21AC007F46D4 /* Sources */,
				A50BFA37281D21AC007F46D4 /* Frameworks */,
				A50BFA38281D21AC007F46D4 /* Resources */,
			);
			buildRules = (
			);
			dependencies = (
				A50BFA3C281D21AC007F46D4 /* PBXTargetDependency */,
			);
			name = TradeTableTests;
			productName = TradeTableTests;
			productReference = A50BFA3A281D21AC007F46D4 /* TradeTableTests.xctest */;
			productType = "com.apple.product-type.bundle.unit-test";
		};
		A50BFA43281D21AC007F46D4 /* TradeTableUITests */ = {
			isa = PBXNativeTarget;
			buildConfigurationList = A50BFA54281D21AC007F46D4 /* Build configuration list for PBXNativeTarget "TradeTableUITests" */;
			buildPhases = (
				351089A7B54D2DC697D194A4 /* [CP] Check Pods Manifest.lock */,
				A50BFA40281D21AC007F46D4 /* Sources */,
				A50BFA41281D21AC007F46D4 /* Frameworks */,
				A50BFA42281D21AC007F46D4 /* Resources */,
				8962C69427A560846C58284A /* [CP] Embed Pods Frameworks */,
			);
			buildRules = (
			);
			dependencies = (
				A50BFA46281D21AC007F46D4 /* PBXTargetDependency */,
			);
			name = TradeTableUITests;
			productName = TradeTableUITests;
			productReference = A50BFA44281D21AC007F46D4 /* TradeTableUITests.xctest */;
			productType = "com.apple.product-type.bundle.ui-testing";
		};
/* End PBXNativeTarget section */

/* Begin PBXProject section */
		A50BFA1C281D21A6007F46D4 /* Project object */ = {
			isa = PBXProject;
			attributes = {
				BuildIndependentTargetsInParallel = 1;
				LastSwiftUpdateCheck = 1330;
				LastUpgradeCheck = 1330;
				TargetAttributes = {
					A50BFA23281D21A6007F46D4 = {
						CreatedOnToolsVersion = 13.3;
					};
					A50BFA39281D21AC007F46D4 = {
						CreatedOnToolsVersion = 13.3;
						TestTargetID = A50BFA23281D21A6007F46D4;
					};
					A50BFA43281D21AC007F46D4 = {
						CreatedOnToolsVersion = 13.3;
						TestTargetID = A50BFA23281D21A6007F46D4;
					};
				};
			};
			buildConfigurationList = A50BFA1F281D21A6007F46D4 /* Build configuration list for PBXProject "TradeTable" */;
			compatibilityVersion = "Xcode 13.0";
			developmentRegion = en;
			hasScannedForEncodings = 0;
			knownRegions = (
				en,
				Base,
			);
			mainGroup = A50BFA1B281D21A6007F46D4;
			productRefGroup = A50BFA25281D21A6007F46D4 /* Products */;
			projectDirPath = "";
			projectRoot = "";
			targets = (
				A50BFA23281D21A6007F46D4 /* TradeTable */,
				A50BFA39281D21AC007F46D4 /* TradeTableTests */,
				A50BFA43281D21AC007F46D4 /* TradeTableUITests */,
			);
		};
/* End PBXProject section */

/* Begin PBXResourcesBuildPhase section */
		A50BFA22281D21A6007F46D4 /* Resources */ = {
			isa = PBXResourcesBuildPhase;
			buildActionMask = 2147483647;
			files = (
				A50BFA34281D21AC007F46D4 /* LaunchScreen.storyboard in Resources */,
				A50BFA31281D21AC007F46D4 /* Assets.xcassets in Resources */,
				A50BFA2F281D21A6007F46D4 /* Main.storyboard in Resources */,
			);
			runOnlyForDeploymentPostprocessing = 0;
		};
		A50BFA38281D21AC007F46D4 /* Resources */ = {
			isa = PBXResourcesBuildPhase;
			buildActionMask = 2147483647;
			files = (
			);
			runOnlyForDeploymentPostprocessing = 0;
		};
		A50BFA42281D21AC007F46D4 /* Resources */ = {
			isa = PBXResourcesBuildPhase;
			buildActionMask = 2147483647;
			files = (
			);
			runOnlyForDeploymentPostprocessing = 0;
		};
/* End PBXResourcesBuildPhase section */

/* Begin PBXShellScriptBuildPhase section */
		0B149E268A320C7C3571C0C0 /* [CP] Embed Pods Frameworks */ = {
			isa = PBXShellScriptBuildPhase;
			buildActionMask = 2147483647;
			files = (
			);
			inputFileListPaths = (
				"${PODS_ROOT}/Target Support Files/Pods-TradeTable/Pods-TradeTable-frameworks-${CONFIGURATION}-input-files.xcfilelist",
			);
			name = "[CP] Embed Pods Frameworks";
			outputFileListPaths = (
				"${PODS_ROOT}/Target Support Files/Pods-TradeTable/Pods-TradeTable-frameworks-${CONFIGURATION}-output-files.xcfilelist",
			);
			runOnlyForDeploymentPostprocessing = 0;
			shellPath = /bin/sh;
			shellScript = "\"${PODS_ROOT}/Target Support Files/Pods-TradeTable/Pods-TradeTable-frameworks.sh\"\n";
			showEnvVarsInLog = 0;
		};
		351089A7B54D2DC697D194A4 /* [CP] Check Pods Manifest.lock */ = {
			isa = PBXShellScriptBuildPhase;
			buildActionMask = 2147483647;
			files = (
			);
			inputFileListPaths = (
			);
			inputPaths = (
				"${PODS_PODFILE_DIR_PATH}/Podfile.lock",
				"${PODS_ROOT}/Manifest.lock",
			);
			name = "[CP] Check Pods Manifest.lock";
			outputFileListPaths = (
			);
			outputPaths = (
				"$(DERIVED_FILE_DIR)/Pods-TradeTable-TradeTableUITests-checkManifestLockResult.txt",
			);
			runOnlyForDeploymentPostprocessing = 0;
			shellPath = /bin/sh;
			shellScript = "diff \"${PODS_PODFILE_DIR_PATH}/Podfile.lock\" \"${PODS_ROOT}/Manifest.lock\" > /dev/null\nif [ $? != 0 ] ; then\n    # print error to STDERR\n    echo \"error: The sandbox is not in sync with the Podfile.lock. Run 'pod install' or update your CocoaPods installation.\" >&2\n    exit 1\nfi\n# This output is used by Xcode 'outputs' to avoid re-running this script phase.\necho \"SUCCESS\" > \"${SCRIPT_OUTPUT_FILE_0}\"\n";
			showEnvVarsInLog = 0;
		};
		659501F0D5698366A711925C /* [CP] Check Pods Manifest.lock */ = {
			isa = PBXShellScriptBuildPhase;
			buildActionMask = 2147483647;
			files = (
			);
			inputFileListPaths = (
			);
			inputPaths = (
				"${PODS_PODFILE_DIR_PATH}/Podfile.lock",
				"${PODS_ROOT}/Manifest.lock",
			);
			name = "[CP] Check Pods Manifest.lock";
			outputFileListPaths = (
			);
			outputPaths = (
				"$(DERIVED_FILE_DIR)/Pods-TradeTableTests-checkManifestLockResult.txt",
			);
			runOnlyForDeploymentPostprocessing = 0;
			shellPath = /bin/sh;
			shellScript = "diff \"${PODS_PODFILE_DIR_PATH}/Podfile.lock\" \"${PODS_ROOT}/Manifest.lock\" > /dev/null\nif [ $? != 0 ] ; then\n    # print error to STDERR\n    echo \"error: The sandbox is not in sync with the Podfile.lock. Run 'pod install' or update your CocoaPods installation.\" >&2\n    exit 1\nfi\n# This output is used by Xcode 'outputs' to avoid re-running this script phase.\necho \"SUCCESS\" > \"${SCRIPT_OUTPUT_FILE_0}\"\n";
			showEnvVarsInLog = 0;
		};
		8962C69427A560846C58284A /* [CP] Embed Pods Frameworks */ = {
			isa = PBXShellScriptBuildPhase;
			buildActionMask = 2147483647;
			files = (
			);
			inputFileListPaths = (
				"${PODS_ROOT}/Target Support Files/Pods-TradeTable-TradeTableUITests/Pods-TradeTable-TradeTableUITests-frameworks-${CONFIGURATION}-input-files.xcfilelist",
			);
			name = "[CP] Embed Pods Frameworks";
			outputFileListPaths = (
				"${PODS_ROOT}/Target Support Files/Pods-TradeTable-TradeTableUITests/Pods-TradeTable-TradeTableUITests-frameworks-${CONFIGURATION}-output-files.xcfilelist",
			);
			runOnlyForDeploymentPostprocessing = 0;
			shellPath = /bin/sh;
			shellScript = "\"${PODS_ROOT}/Target Support Files/Pods-TradeTable-TradeTableUITests/Pods-TradeTable-TradeTableUITests-frameworks.sh\"\n";
			showEnvVarsInLog = 0;
		};
		E4700AA6BDE8D242E406071C /* [CP] Check Pods Manifest.lock */ = {
			isa = PBXShellScriptBuildPhase;
			buildActionMask = 2147483647;
			files = (
			);
			inputFileListPaths = (
			);
			inputPaths = (
				"${PODS_PODFILE_DIR_PATH}/Podfile.lock",
				"${PODS_ROOT}/Manifest.lock",
			);
			name = "[CP] Check Pods Manifest.lock";
			outputFileListPaths = (
			);
			outputPaths = (
				"$(DERIVED_FILE_DIR)/Pods-TradeTable-checkManifestLockResult.txt",
			);
			runOnlyForDeploymentPostprocessing = 0;
			shellPath = /bin/sh;
			shellScript = "diff \"${PODS_PODFILE_DIR_PATH}/Podfile.lock\" \"${PODS_ROOT}/Manifest.lock\" > /dev/null\nif [ $? != 0 ] ; then\n    # print error to STDERR\n    echo \"error: The sandbox is not in sync with the Podfile.lock. Run 'pod install' or update your CocoaPods installation.\" >&2\n    exit 1\nfi\n# This output is used by Xcode 'outputs' to avoid re-running this script phase.\necho \"SUCCESS\" > \"${SCRIPT_OUTPUT_FILE_0}\"\n";
			showEnvVarsInLog = 0;
		};
/* End PBXShellScriptBuildPhase section */

/* Begin PBXSourcesBuildPhase section */
		A50BFA20281D21A6007F46D4 /* Sources */ = {
			isa = PBXSourcesBuildPhase;
			buildActionMask = 2147483647;
			files = (
				A50BFA2C281D21A6007F46D4 /* ViewController.swift in Sources */,
				A50BFA58281D2E7A007F46D4 /* Cell.swift in Sources */,
				A50BFA5C281EFAF2007F46D4 /* RecordModel.swift in Sources */,
				A50BFA5A281EE505007F46D4 /* CustomSocket.swift in Sources */,
				A50BFA28281D21A6007F46D4 /* AppDelegate.swift in Sources */,
				A50BFA2A281D21A6007F46D4 /* SceneDelegate.swift in Sources */,
			);
			runOnlyForDeploymentPostprocessing = 0;
		};
		A50BFA36281D21AC007F46D4 /* Sources */ = {
			isa = PBXSourcesBuildPhase;
			buildActionMask = 2147483647;
			files = (
				A50BFA3F281D21AC007F46D4 /* TradeTableTests.swift in Sources */,
			);
			runOnlyForDeploymentPostprocessing = 0;
		};
		A50BFA40281D21AC007F46D4 /* Sources */ = {
			isa = PBXSourcesBuildPhase;
			buildActionMask = 2147483647;
			files = (
				A50BFA4B281D21AC007F46D4 /* TradeTableUITestsLaunchTests.swift in Sources */,
				A50BFA49281D21AC007F46D4 /* TradeTableUITests.swift in Sources */,
			);
			runOnlyForDeploymentPostprocessing = 0;
		};
/* End PBXSourcesBuildPhase section */

/* Begin PBXTargetDependency section */
		A50BFA3C281D21AC007F46D4 /* PBXTargetDependency */ = {
			isa = PBXTargetDependency;
			target = A50BFA23281D21A6007F46D4 /* TradeTable */;
			targetProxy = A50BFA3B281D21AC007F46D4 /* PBXContainerItemProxy */;
		};
		A50BFA46281D21AC007F46D4 /* PBXTargetDependency */ = {
			isa = PBXTargetDependency;
			target = A50BFA23281D21A6007F46D4 /* TradeTable */;
			targetProxy = A50BFA45281D21AC007F46D4 /* PBXContainerItemProxy */;
		};
/* End PBXTargetDependency section */

/* Begin PBXVariantGroup section */
		A50BFA2D281D21A6007F46D4 /* Main.storyboard */ = {
			isa = PBXVariantGroup;
			children = (
				A50BFA2E281D21A6007F46D4 /* Base */,
			);
			name = Main.storyboard;
			sourceTree = "<group>";
		};
		A50BFA32281D21AC007F46D4 /* LaunchScreen.storyboard */ = {
			isa = PBXVariantGroup;
			children = (
				A50BFA33281D21AC007F46D4 /* Base */,
			);
			name = LaunchScreen.storyboard;
			sourceTree = "<group>";
		};
/* End PBXVariantGroup section */

/* Begin XCBuildConfiguration section */
		A50BFA4C281D21AC007F46D4 /* Debug */ = {
			isa = XCBuildConfiguration;
			buildSettings = {
				ALWAYS_SEARCH_USER_PATHS = NO;
				CLANG_ANALYZER_NONNULL = YES;
				CLANG_ANALYZER_NUMBER_OBJECT_CONVERSION = YES_AGGRESSIVE;
				CLANG_CXX_LANGUAGE_STANDARD = "gnu++17";
				CLANG_ENABLE_MODULES = YES;
				CLANG_ENABLE_OBJC_ARC = YES;
				CLANG_ENABLE_OBJC_WEAK = YES;
				CLANG_WARN_BLOCK_CAPTURE_AUTORELEASING = YES;
				CLANG_WARN_BOOL_CONVERSION = YES;
				CLANG_WARN_COMMA = YES;
				CLANG_WARN_CONSTANT_CONVERSION = YES;
				CLANG_WARN_DEPRECATED_OBJC_IMPLEMENTATIONS = YES;
				CLANG_WARN_DIRECT_OBJC_ISA_USAGE = YES_ERROR;
				CLANG_WARN_DOCUMENTATION_COMMENTS = YES;
				CLANG_WARN_EMPTY_BODY = YES;
				CLANG_WARN_ENUM_CONVERSION = YES;
				CLANG_WARN_INFINITE_RECURSION = YES;
				CLANG_WARN_INT_CONVERSION = YES;
				CLANG_WARN_NON_LITERAL_NULL_CONVERSION = YES;
				CLANG_WARN_OBJC_IMPLICIT_RETAIN_SELF = YES;
				CLANG_WARN_OBJC_LITERAL_CONVERSION = YES;
				CLANG_WARN_OBJC_ROOT_CLASS = YES_ERROR;
				CLANG_WARN_QUOTED_INCLUDE_IN_FRAMEWORK_HEADER = YES;
				CLANG_WARN_RANGE_LOOP_ANALYSIS = YES;
				CLANG_WARN_STRICT_PROTOTYPES = YES;
				CLANG_WARN_SUSPICIOUS_MOVE = YES;
				CLANG_WARN_UNGUARDED_AVAILABILITY = YES_AGGRESSIVE;
				CLANG_WARN_UNREACHABLE_CODE = YES;
				CLANG_WARN__DUPLICATE_METHOD_MATCH = YES;
				COPY_PHASE_STRIP = NO;
				DEBUG_INFORMATION_FORMAT = dwarf;
				ENABLE_STRICT_OBJC_MSGSEND = YES;
				ENABLE_TESTABILITY = YES;
				GCC_C_LANGUAGE_STANDARD = gnu11;
				GCC_DYNAMIC_NO_PIC = NO;
				GCC_NO_COMMON_BLOCKS = YES;
				GCC_OPTIMIZATION_LEVEL = 0;
				GCC_PREPROCESSOR_DEFINITIONS = (
					"DEBUG=1",
					"$(inherited)",
				);
				GCC_WARN_64_TO_32_BIT_CONVERSION = YES;
				GCC_WARN_ABOUT_RETURN_TYPE = YES_ERROR;
				GCC_WARN_UNDECLARED_SELECTOR = YES;
				GCC_WARN_UNINITIALIZED_AUTOS = YES_AGGRESSIVE;
				GCC_WARN_UNUSED_FUNCTION = YES;
				GCC_WARN_UNUSED_VARIABLE = YES;
				IPHONEOS_DEPLOYMENT_TARGET = 15.4;
				MTL_ENABLE_DEBUG_INFO = INCLUDE_SOURCE;
				MTL_FAST_MATH = YES;
				ONLY_ACTIVE_ARCH = YES;
				SDKROOT = iphoneos;
				SWIFT_ACTIVE_COMPILATION_CONDITIONS = DEBUG;
				SWIFT_OPTIMIZATION_LEVEL = "-Onone";
			};
			name = Debug;
		};
		A50BFA4D281D21AC007F46D4 /* Release */ = {
			isa = XCBuildConfiguration;
			buildSettings = {
				ALWAYS_SEARCH_USER_PATHS = NO;
				CLANG_ANALYZER_NONNULL = YES;
				CLANG_ANALYZER_NUMBER_OBJECT_CONVERSION = YES_AGGRESSIVE;
				CLANG_CXX_LANGUAGE_STANDARD = "gnu++17";
				CLANG_ENABLE_MODULES = YES;
				CLANG_ENABLE_OBJC_ARC = YES;
				CLANG_ENABLE_OBJC_WEAK = YES;
				CLANG_WARN_BLOCK_CAPTURE_AUTORELEASING = YES;
				CLANG_WARN_BOOL_CONVERSION = YES;
				CLANG_WARN_COMMA = YES;
				CLANG_WARN_CONSTANT_CONVERSION = YES;
				CLANG_WARN_DEPRECATED_OBJC_IMPLEMENTATIONS = YES;
				CLANG_WARN_DIRECT_OBJC_ISA_USAGE = YES_ERROR;
				CLANG_WARN_DOCUMENTATION_COMMENTS = YES;
				CLANG_WARN_EMPTY_BODY = YES;
				CLANG_WARN_ENUM_CONVERSION = YES;
				CLANG_WARN_INFINITE_RECURSION = YES;
				CLANG_WARN_INT_CONVERSION = YES;
				CLANG_WARN_NON_LITERAL_NULL_CONVERSION = YES;
				CLANG_WARN_OBJC_IMPLICIT_RETAIN_SELF = YES;
				CLANG_WARN_OBJC_LITERAL_CONVERSION = YES;
				CLANG_WARN_OBJC_ROOT_CLASS = YES_ERROR;
				CLANG_WARN_QUOTED_INCLUDE_IN_FRAMEWORK_HEADER = YES;
				CLANG_WARN_RANGE_LOOP_ANALYSIS = YES;
				CLANG_WARN_STRICT_PROTOTYPES = YES;
				CLANG_WARN_SUSPICIOUS_MOVE = YES;
				CLANG_WARN_UNGUARDED_AVAILABILITY = YES_AGGRESSIVE;
				CLANG_WARN_UNREACHABLE_CODE = YES;
				CLANG_WARN__DUPLICATE_METHOD_MATCH = YES;
				COPY_PHASE_STRIP = NO;
				DEBUG_INFORMATION_FORMAT = "dwarf-with-dsym";
				ENABLE_NS_ASSERTIONS = NO;
				ENABLE_STRICT_OBJC_MSGSEND = YES;
				GCC_C_LANGUAGE_STANDARD = gnu11;
				GCC_NO_COMMON_BLOCKS = YES;
				GCC_WARN_64_TO_32_BIT_CONVERSION = YES;
				GCC_WARN_ABOUT_RETURN_TYPE = YES_ERROR;
				GCC_WARN_UNDECLARED_SELECTOR = YES;
				GCC_WARN_UNINITIALIZED_AUTOS = YES_AGGRESSIVE;
				GCC_WARN_UNUSED_FUNCTION = YES;
				GCC_WARN_UNUSED_VARIABLE = YES;
				IPHONEOS_DEPLOYMENT_TARGET = 15.4;
				MTL_ENABLE_DEBUG_INFO = NO;
				MTL_FAST_MATH = YES;
				SDKROOT = iphoneos;
				SWIFT_COMPILATION_MODE = wholemodule;
				SWIFT_OPTIMIZATION_LEVEL = "-O";
				VALIDATE_PRODUCT = YES;
			};
			name = Release;
		};
		A50BFA4F281D21AC007F46D4 /* Debug */ = {
			isa = XCBuildConfiguration;
			baseConfigurationReference = 7681819BFB9443957D9FF400 /* Pods-TradeTable.debug.xcconfig */;
			buildSettings = {
				ASSETCATALOG_COMPILER_APPICON_NAME = AppIcon;
				ASSETCATALOG_COMPILER_GLOBAL_ACCENT_COLOR_NAME = AccentColor;
				CODE_SIGN_STYLE = Automatic;
				CURRENT_PROJECT_VERSION = 1;
				DEVELOPMENT_TEAM = WQVDM4R299;
				GENERATE_INFOPLIST_FILE = YES;
				INFOPLIST_FILE = TradeTable/Info.plist;
				INFOPLIST_KEY_UIApplicationSupportsIndirectInputEvents = YES;
				INFOPLIST_KEY_UILaunchStoryboardName = LaunchScreen;
				INFOPLIST_KEY_UIMainStoryboardFile = Main;
				INFOPLIST_KEY_UISupportedInterfaceOrientations_iPad = "UIInterfaceOrientationPortrait UIInterfaceOrientationPortraitUpsideDown UIInterfaceOrientationLandscapeLeft UIInterfaceOrientationLandscapeRight";
				INFOPLIST_KEY_UISupportedInterfaceOrientations_iPhone = "UIInterfaceOrientationPortrait UIInterfaceOrientationLandscapeLeft UIInterfaceOrientationLandscapeRight";
				LD_RUNPATH_SEARCH_PATHS = (
					"$(inherited)",
					"@executable_path/Frameworks",
				);
				MARKETING_VERSION = 1.0;
				PRODUCT_BUNDLE_IDENTIFIER = com.TradeTable;
				PRODUCT_NAME = "$(TARGET_NAME)";
				SWIFT_EMIT_LOC_STRINGS = YES;
				SWIFT_VERSION = 5.0;
				TARGETED_DEVICE_FAMILY = "1,2";
			};
			name = Debug;
		};
		A50BFA50281D21AC007F46D4 /* Release */ = {
			isa = XCBuildConfiguration;
			baseConfigurationReference = 156CD8396E94B3A1B5C46DAB /* Pods-TradeTable.release.xcconfig */;
			buildSettings = {
				ASSETCATALOG_COMPILER_APPICON_NAME = AppIcon;
				ASSETCATALOG_COMPILER_GLOBAL_ACCENT_COLOR_NAME = AccentColor;
				CODE_SIGN_STYLE = Automatic;
				CURRENT_PROJECT_VERSION = 1;
				DEVELOPMENT_TEAM = WQVDM4R299;
				GENERATE_INFOPLIST_FILE = YES;
				INFOPLIST_FILE = TradeTable/Info.plist;
				INFOPLIST_KEY_UIApplicationSupportsIndirectInputEvents = YES;
				INFOPLIST_KEY_UILaunchStoryboardName = LaunchScreen;
				INFOPLIST_KEY_UIMainStoryboardFile = Main;
				INFOPLIST_KEY_UISupportedInterfaceOrientations_iPad = "UIInterfaceOrientationPortrait UIInterfaceOrientationPortraitUpsideDown UIInterfaceOrientationLandscapeLeft UIInterfaceOrientationLandscapeRight";
				INFOPLIST_KEY_UISupportedInterfaceOrientations_iPhone = "UIInterfaceOrientationPortrait UIInterfaceOrientationLandscapeLeft UIInterfaceOrientationLandscapeRight";
				LD_RUNPATH_SEARCH_PATHS = (
					"$(inherited)",
					"@executable_path/Frameworks",
				);
				MARKETING_VERSION = 1.0;
				PRODUCT_BUNDLE_IDENTIFIER = com.TradeTable;
				PRODUCT_NAME = "$(TARGET_NAME)";
				SWIFT_EMIT_LOC_STRINGS = YES;
				SWIFT_VERSION = 5.0;
				TARGETED_DEVICE_FAMILY = "1,2";
			};
			name = Release;
		};
		A50BFA52281D21AC007F46D4 /* Debug */ = {
			isa = XCBuildConfiguration;
			baseConfigurationReference = 0F14FDB63862F4B7DF402BF4 /* Pods-TradeTableTests.debug.xcconfig */;
			buildSettings = {
				ALWAYS_EMBED_SWIFT_STANDARD_LIBRARIES = YES;
				BUNDLE_LOADER = "$(TEST_HOST)";
				CODE_SIGN_STYLE = Automatic;
				CURRENT_PROJECT_VERSION = 1;
				DEVELOPMENT_TEAM = WQVDM4R299;
				GENERATE_INFOPLIST_FILE = YES;
				IPHONEOS_DEPLOYMENT_TARGET = 15.4;
				MARKETING_VERSION = 1.0;
				PRODUCT_BUNDLE_IDENTIFIER = com.TradeTableTests;
				PRODUCT_NAME = "$(TARGET_NAME)";
				SWIFT_EMIT_LOC_STRINGS = NO;
				SWIFT_VERSION = 5.0;
				TARGETED_DEVICE_FAMILY = "1,2";
				TEST_HOST = "$(BUILT_PRODUCTS_DIR)/TradeTable.app/TradeTable";
			};
			name = Debug;
		};
		A50BFA53281D21AC007F46D4 /* Release */ = {
			isa = XCBuildConfiguration;
			baseConfigurationReference = 02B8B2EC9D465C3AB0FB7636 /* Pods-TradeTableTests.release.xcconfig */;
			buildSettings = {
				ALWAYS_EMBED_SWIFT_STANDARD_LIBRARIES = YES;
				BUNDLE_LOADER = "$(TEST_HOST)";
				CODE_SIGN_STYLE = Automatic;
				CURRENT_PROJECT_VERSION = 1;
				DEVELOPMENT_TEAM = WQVDM4R299;
				GENERATE_INFOPLIST_FILE = YES;
				IPHONEOS_DEPLOYMENT_TARGET = 15.4;
				MARKETING_VERSION = 1.0;
				PRODUCT_BUNDLE_IDENTIFIER = com.TradeTableTests;
				PRODUCT_NAME = "$(TARGET_NAME)";
				SWIFT_EMIT_LOC_STRINGS = NO;
				SWIFT_VERSION = 5.0;
				TARGETED_DEVICE_FAMILY = "1,2";
				TEST_HOST = "$(BUILT_PRODUCTS_DIR)/TradeTable.app/TradeTable";
			};
			name = Release;
		};
		A50BFA55281D21AC007F46D4 /* Debug */ = {
			isa = XCBuildConfiguration;
			baseConfigurationReference = 54CEA01952F4C7CA51E88F82 /* Pods-TradeTable-TradeTableUITests.debug.xcconfig */;
			buildSettings = {
				ALWAYS_EMBED_SWIFT_STANDARD_LIBRARIES = YES;
				CODE_SIGN_STYLE = Automatic;
				CURRENT_PROJECT_VERSION = 1;
				DEVELOPMENT_TEAM = WQVDM4R299;
				GENERATE_INFOPLIST_FILE = YES;
				MARKETING_VERSION = 1.0;
				PRODUCT_BUNDLE_IDENTIFIER = com.TradeTableUITests;
				PRODUCT_NAME = "$(TARGET_NAME)";
				SWIFT_EMIT_LOC_STRINGS = NO;
				SWIFT_VERSION = 5.0;
				TARGETED_DEVICE_FAMILY = "1,2";
				TEST_TARGET_NAME = TradeTable;
			};
			name = Debug;
		};
		A50BFA56281D21AC007F46D4 /* Release */ = {
			isa = XCBuildConfiguration;
			baseConfigurationReference = 277AFA02A53A16FF62C3E884 /* Pods-TradeTable-TradeTableUITests.release.xcconfig */;
			buildSettings = {
				ALWAYS_EMBED_SWIFT_STANDARD_LIBRARIES = YES;
				CODE_SIGN_STYLE = Automatic;
				CURRENT_PROJECT_VERSION = 1;
				DEVELOPMENT_TEAM = WQVDM4R299;
				GENERATE_INFOPLIST_FILE = YES;
				MARKETING_VERSION = 1.0;
				PRODUCT_BUNDLE_IDENTIFIER = com.TradeTableUITests;
				PRODUCT_NAME = "$(TARGET_NAME)";
				SWIFT_EMIT_LOC_STRINGS = NO;
				SWIFT_VERSION = 5.0;
				TARGETED_DEVICE_FAMILY = "1,2";
				TEST_TARGET_NAME = TradeTable;
			};
			name = Release;
		};
/* End XCBuildConfiguration section */

/* Begin XCConfigurationList section */
		A50BFA1F281D21A6007F46D4 /* Build configuration list for PBXProject "TradeTable" */ = {
			isa = XCConfigurationList;
			buildConfigurations = (
				A50BFA4C281D21AC007F46D4 /* Debug */,
				A50BFA4D281D21AC007F46D4 /* Release */,
			);
			defaultConfigurationIsVisible = 0;
			defaultConfigurationName = Release;
		};
		A50BFA4E281D21AC007F46D4 /* Build configuration list for PBXNativeTarget "TradeTable" */ = {
			isa = XCConfigurationList;
			buildConfigurations = (
				A50BFA4F281D21AC007F46D4 /* Debug */,
				A50BFA50281D21AC007F46D4 /* Release */,
			);
			defaultConfigurationIsVisible = 0;
			defaultConfigurationName = Release;
		};
		A50BFA51281D21AC007F46D4 /* Build configuration list for PBXNativeTarget "TradeTableTests" */ = {
			isa = XCConfigurationList;
			buildConfigurations = (
				A50BFA52281D21AC007F46D4 /* Debug */,
				A50BFA53281D21AC007F46D4 /* Release */,
			);
			defaultConfigurationIsVisible = 0;
			defaultConfigurationName = Release;
		};
		A50BFA54281D21AC007F46D4 /* Build configuration list for PBXNativeTarget "TradeTableUITests" */ = {
			isa = XCConfigurationList;
			buildConfigurations = (
				A50BFA55281D21AC007F46D4 /* Debug */,
				A50BFA56281D21AC007F46D4 /* Release */,
			);
			defaultConfigurationIsVisible = 0;
			defaultConfigurationName = Release;
		};
/* End XCConfigurationList section */
	};
	rootObject = A50BFA1C281D21A6007F46D4 /* Project object */;
}
